
Microsoft Visual Studio Solution File, Format Version 12.00
# Visual Studio Version 17
VisualStudioVersion = 17.3.32901.215
MinimumVisualStudioVersion = 10.0.40219.1
Project("{FAE04EC0-301F-11D3-BF4B-00C04F79EFBC}") = "EnhancedFeaturesLibrary", "EnhancedFeaturesLibrary\EnhancedFeaturesLibrary.csproj", "{B045C2A8-CDA6-4491-A88E-8817F504A072}"
EndProject
Global
	GlobalSection(SolutionConfigurationPlatforms) = preSolution
		Debug|x64 = Debug|x64
		Debug|x86 = Debug|x86
		Release|x64 = Release|x64
		Release|x86 = Release|x86
	EndGlobalSection
	GlobalSection(ProjectConfigurationPlatforms) = postSolution
		{B045C2A8-CDA6-4491-A88E-8817F504A072}.Debug|x64.ActiveCfg = Debug|x64
		{B045C2A8-CDA6-4491-A88E-8817F504A072}.Debug|x64.Build.0 = Debug|x64
		{B045C2A8-CDA6-4491-A88E-8817F504A072}.Debug|x86.ActiveCfg = Debug|x86
		{B045C2A8-CDA6-4491-A88E-8817F504A072}.Debug|x86.Build.0 = Debug|x86
		{B045C2A8-CDA6-4491-A88E-8817F504A072}.Release|x64.ActiveCfg = Release|x64
		{B045C2A8-CDA6-4491-A88E-8817F504A072}.Release|x64.Build.0 = Release|x64
		{B045C2A8-CDA6-4491-A88E-8817F504A072}.Release|x86.ActiveCfg = Release|x86
		{B045C2A8-CDA6-4491-A88E-8817F504A072}.Release|x86.Build.0 = Release|x86
	EndGlobalSection
	GlobalSection(SolutionProperties) = preSolution
		HideSolutionNode = FALSE
	EndGlobalSection
	GlobalSection(ExtensibilityGlobals) = postSolution
		SolutionGuid = {9D09A36A-6C39-409A-89DF-1E1C07A9B88D}
	EndGlobalSection
EndGlobal
